// !$*UTF8*$!
{
	archiveVersion = 1;
	classes = {
	};
	objectVersion = 46;
	objects = {

/* Begin PBXBuildFile section */
		023C16431CE5180700F6BB71 /* FCFriendsListTableViewController.swift in Sources */ = {isa = PBXBuildFile; fileRef = 023C16421CE5180700F6BB71 /* FCFriendsListTableViewController.swift */; };
		023C16451CE51C5700F6BB71 /* FCProfileViewController.swift in Sources */ = {isa = PBXBuildFile; fileRef = 023C16441CE51C5700F6BB71 /* FCProfileViewController.swift */; };
		024EC9921CC80E9300A21A2C /* FCCreateAccountTableViewController.swift in Sources */ = {isa = PBXBuildFile; fileRef = 024EC9911CC80E9300A21A2C /* FCCreateAccountTableViewController.swift */; };
		024EC9951CC8290600A21A2C /* FCUser.swift in Sources */ = {isa = PBXBuildFile; fileRef = 024EC9941CC8290600A21A2C /* FCUser.swift */; };
		024EC9981CC82DBD00A21A2C /* StringExtension.swift in Sources */ = {isa = PBXBuildFile; fileRef = 024EC9971CC82DBD00A21A2C /* StringExtension.swift */; };
		024EC99A1CC8916B00A21A2C /* GlobalUtils.swift in Sources */ = {isa = PBXBuildFile; fileRef = 024EC9991CC8916B00A21A2C /* GlobalUtils.swift */; };
		024EC99C1CC91B4800A21A2C /* FCVideo.swift in Sources */ = {isa = PBXBuildFile; fileRef = 024EC99B1CC91B4800A21A2C /* FCVideo.swift */; };
		024EC99E1CC91B5600A21A2C /* FCVideoCollection.swift in Sources */ = {isa = PBXBuildFile; fileRef = 024EC99D1CC91B5600A21A2C /* FCVideoCollection.swift */; };
		024EC9A11CC925C300A21A2C /* FCVideoController.swift in Sources */ = {isa = PBXBuildFile; fileRef = 024EC9A01CC925C300A21A2C /* FCVideoController.swift */; };
		024EC9A31CC95C4400A21A2C /* FCVideoCollectionController.swift in Sources */ = {isa = PBXBuildFile; fileRef = 024EC9A21CC95C4400A21A2C /* FCVideoCollectionController.swift */; };
		024EC9A51CC96A8500A21A2C /* FCCameraViewController.swift in Sources */ = {isa = PBXBuildFile; fileRef = 024EC9A41CC96A8500A21A2C /* FCCameraViewController.swift */; };
		024EC9A71CC990D200A21A2C /* AVCamPreviewView.swift in Sources */ = {isa = PBXBuildFile; fileRef = 024EC9A61CC990D200A21A2C /* AVCamPreviewView.swift */; };
		02563B2D1C7BCFD5000DE196 /* CameraController.swift in Sources */ = {isa = PBXBuildFile; fileRef = 02563B2C1C7BCFD5000DE196 /* CameraController.swift */; };
		026B13231CC0406B00BE01FF /* TabsViewController.swift in Sources */ = {isa = PBXBuildFile; fileRef = 026B13221CC0406B00BE01FF /* TabsViewController.swift */; };
		028B858A1CC8089900A3F9F1 /* FCSignInViewController.swift in Sources */ = {isa = PBXBuildFile; fileRef = 028B85891CC8089900A3F9F1 /* FCSignInViewController.swift */; };
		02BAF5061CC002FD00AE35F1 /* AppDelegate.swift in Sources */ = {isa = PBXBuildFile; fileRef = 02BAF5051CC002FD00AE35F1 /* AppDelegate.swift */; };
		02BAF5081CC0093A00AE35F1 /* VideoListTableViewController.swift in Sources */ = {isa = PBXBuildFile; fileRef = 02BAF5071CC0093A00AE35F1 /* VideoListTableViewController.swift */; };
		02E1703A1C62EEAA00A6188F /* Main.storyboard in Resources */ = {isa = PBXBuildFile; fileRef = 02E170381C62EEAA00A6188F /* Main.storyboard */; };
		02E1703C1C62EEAA00A6188F /* Assets.xcassets in Resources */ = {isa = PBXBuildFile; fileRef = 02E1703B1C62EEAA00A6188F /* Assets.xcassets */; };
		02E1703F1C62EEAA00A6188F /* LaunchScreen.storyboard in Resources */ = {isa = PBXBuildFile; fileRef = 02E1703D1C62EEAA00A6188F /* LaunchScreen.storyboard */; };
		02E1704A1C62EEAA00A6188F /* FlipClipTests.m in Sources */ = {isa = PBXBuildFile; fileRef = 02E170491C62EEAA00A6188F /* FlipClipTests.m */; };
		02E170551C62EEAA00A6188F /* FlipClipUITests.m in Sources */ = {isa = PBXBuildFile; fileRef = 02E170541C62EEAA00A6188F /* FlipClipUITests.m */; };
		02E170631C62F1A800A6188F /* Social.framework in Frameworks */ = {isa = PBXBuildFile; fileRef = 02E170621C62F1A700A6188F /* Social.framework */; };
		02E170651C62F1AE00A6188F /* StoreKit.framework in Frameworks */ = {isa = PBXBuildFile; fileRef = 02E170641C62F1AE00A6188F /* StoreKit.framework */; };
		02E170671C62F1B600A6188F /* QuartzCore.framework in Frameworks */ = {isa = PBXBuildFile; fileRef = 02E170661C62F1B600A6188F /* QuartzCore.framework */; };
		02E170691C62F1C200A6188F /* CFNetwork.framework in Frameworks */ = {isa = PBXBuildFile; fileRef = 02E170681C62F1C200A6188F /* CFNetwork.framework */; };
		02E1706B1C62F1C800A6188F /* Accounts.framework in Frameworks */ = {isa = PBXBuildFile; fileRef = 02E1706A1C62F1C800A6188F /* Accounts.framework */; };
		02E1706D1C62F1CF00A6188F /* MobileCoreServices.framework in Frameworks */ = {isa = PBXBuildFile; fileRef = 02E1706C1C62F1CF00A6188F /* MobileCoreServices.framework */; };
		02E1706F1C62F1D400A6188F /* CoreGraphics.framework in Frameworks */ = {isa = PBXBuildFile; fileRef = 02E1706E1C62F1D400A6188F /* CoreGraphics.framework */; };
		02E170711C62F1DD00A6188F /* CoreLocation.framework in Frameworks */ = {isa = PBXBuildFile; fileRef = 02E170701C62F1DD00A6188F /* CoreLocation.framework */; };
		02E170731C62F1E700A6188F /* SystemConfiguration.framework in Frameworks */ = {isa = PBXBuildFile; fileRef = 02E170721C62F1E700A6188F /* SystemConfiguration.framework */; };
		02E170751C63DF9900A6188F /* libsqlite3.tbd in Frameworks */ = {isa = PBXBuildFile; fileRef = 02E170741C63DF9900A6188F /* libsqlite3.tbd */; };
		02E170771C63DFC200A6188F /* Security.framework in Frameworks */ = {isa = PBXBuildFile; fileRef = 02E170761C63DFC200A6188F /* Security.framework */; };
		02E170791C63DFCC00A6188F /* WebKit.framework in Frameworks */ = {isa = PBXBuildFile; fileRef = 02E170781C63DFCC00A6188F /* WebKit.framework */; };
		567CCD52F62240ACB1FEDE42 /* libPods-FlipClip.a in Frameworks */ = {isa = PBXBuildFile; fileRef = 425DA8C876D73C9AD42283E4 /* libPods-FlipClip.a */; };
/* End PBXBuildFile section */

/* Begin PBXContainerItemProxy section */
		02E170461C62EEAA00A6188F /* PBXContainerItemProxy */ = {
			isa = PBXContainerItemProxy;
			containerPortal = 02E170211C62EEAA00A6188F /* Project object */;
			proxyType = 1;
			remoteGlobalIDString = 02E170281C62EEAA00A6188F;
			remoteInfo = FlipClip;
		};
		02E170511C62EEAA00A6188F /* PBXContainerItemProxy */ = {
			isa = PBXContainerItemProxy;
			containerPortal = 02E170211C62EEAA00A6188F /* Project object */;
			proxyType = 1;
			remoteGlobalIDString = 02E170281C62EEAA00A6188F;
			remoteInfo = FlipClip;
		};
/* End PBXContainerItemProxy section */

/* Begin PBXFileReference section */
		023C16421CE5180700F6BB71 /* FCFriendsListTableViewController.swift */ = {isa = PBXFileReference; fileEncoding = 4; lastKnownFileType = sourcecode.swift; path = FCFriendsListTableViewController.swift; sourceTree = "<group>"; };
		023C16441CE51C5700F6BB71 /* FCProfileViewController.swift */ = {isa = PBXFileReference; fileEncoding = 4; lastKnownFileType = sourcecode.swift; path = FCProfileViewController.swift; sourceTree = "<group>"; };
		024EC9911CC80E9300A21A2C /* FCCreateAccountTableViewController.swift */ = {isa = PBXFileReference; fileEncoding = 4; lastKnownFileType = sourcecode.swift; path = FCCreateAccountTableViewController.swift; sourceTree = "<group>"; };
		024EC9941CC8290600A21A2C /* FCUser.swift */ = {isa = PBXFileReference; fileEncoding = 4; lastKnownFileType = sourcecode.swift; path = FCUser.swift; sourceTree = "<group>"; };
		024EC9971CC82DBD00A21A2C /* StringExtension.swift */ = {isa = PBXFileReference; fileEncoding = 4; lastKnownFileType = sourcecode.swift; path = StringExtension.swift; sourceTree = "<group>"; };
		024EC9991CC8916B00A21A2C /* GlobalUtils.swift */ = {isa = PBXFileReference; fileEncoding = 4; lastKnownFileType = sourcecode.swift; path = GlobalUtils.swift; sourceTree = "<group>"; };
		024EC99B1CC91B4800A21A2C /* FCVideo.swift */ = {isa = PBXFileReference; fileEncoding = 4; lastKnownFileType = sourcecode.swift; path = FCVideo.swift; sourceTree = "<group>"; };
		024EC99D1CC91B5600A21A2C /* FCVideoCollection.swift */ = {isa = PBXFileReference; fileEncoding = 4; lastKnownFileType = sourcecode.swift; path = FCVideoCollection.swift; sourceTree = "<group>"; };
		024EC9A01CC925C300A21A2C /* FCVideoController.swift */ = {isa = PBXFileReference; fileEncoding = 4; lastKnownFileType = sourcecode.swift; path = FCVideoController.swift; sourceTree = "<group>"; };
		024EC9A21CC95C4400A21A2C /* FCVideoCollectionController.swift */ = {isa = PBXFileReference; fileEncoding = 4; lastKnownFileType = sourcecode.swift; path = FCVideoCollectionController.swift; sourceTree = "<group>"; };
		024EC9A41CC96A8500A21A2C /* FCCameraViewController.swift */ = {isa = PBXFileReference; fileEncoding = 4; lastKnownFileType = sourcecode.swift; path = FCCameraViewController.swift; sourceTree = "<group>"; };
		024EC9A61CC990D200A21A2C /* AVCamPreviewView.swift */ = {isa = PBXFileReference; fileEncoding = 4; lastKnownFileType = sourcecode.swift; path = AVCamPreviewView.swift; sourceTree = "<group>"; };
		024EC9A81CCAAE4B00A21A2C /* KinveyKit.framework */ = {isa = PBXFileReference; lastKnownFileType = wrapper.framework; path = KinveyKit.framework; sourceTree = "<group>"; };
		02563B2C1C7BCFD5000DE196 /* CameraController.swift */ = {isa = PBXFileReference; fileEncoding = 4; lastKnownFileType = sourcecode.swift; path = CameraController.swift; sourceTree = "<group>"; };
		026B13221CC0406B00BE01FF /* TabsViewController.swift */ = {isa = PBXFileReference; fileEncoding = 4; lastKnownFileType = sourcecode.swift; path = TabsViewController.swift; sourceTree = "<group>"; };
		028B85831CC7FE8900A3F9F1 /* FlipClip-Bridging-Header.h */ = {isa = PBXFileReference; lastKnownFileType = sourcecode.c.h; path = "FlipClip-Bridging-Header.h"; sourceTree = "<group>"; };
		028B85891CC8089900A3F9F1 /* FCSignInViewController.swift */ = {isa = PBXFileReference; fileEncoding = 4; lastKnownFileType = sourcecode.swift; path = FCSignInViewController.swift; sourceTree = "<group>"; };
		02BAF5051CC002FD00AE35F1 /* AppDelegate.swift */ = {isa = PBXFileReference; fileEncoding = 4; lastKnownFileType = sourcecode.swift; path = AppDelegate.swift; sourceTree = "<group>"; };
		02BAF5071CC0093A00AE35F1 /* VideoListTableViewController.swift */ = {isa = PBXFileReference; fileEncoding = 4; lastKnownFileType = sourcecode.swift; path = VideoListTableViewController.swift; sourceTree = "<group>"; };
		02E170291C62EEAA00A6188F /* FlipClip.app */ = {isa = PBXFileReference; explicitFileType = wrapper.application; includeInIndex = 0; path = FlipClip.app; sourceTree = BUILT_PRODUCTS_DIR; };
		02E170391C62EEAA00A6188F /* Base */ = {isa = PBXFileReference; lastKnownFileType = file.storyboard; name = Base; path = Base.lproj/Main.storyboard; sourceTree = "<group>"; };
		02E1703B1C62EEAA00A6188F /* Assets.xcassets */ = {isa = PBXFileReference; lastKnownFileType = folder.assetcatalog; path = Assets.xcassets; sourceTree = "<group>"; };
		02E1703E1C62EEAA00A6188F /* Base */ = {isa = PBXFileReference; lastKnownFileType = file.storyboard; name = Base; path = Base.lproj/LaunchScreen.storyboard; sourceTree = "<group>"; };
		02E170401C62EEAA00A6188F /* Info.plist */ = {isa = PBXFileReference; lastKnownFileType = text.plist.xml; path = Info.plist; sourceTree = "<group>"; };
		02E170451C62EEAA00A6188F /* FlipClipTests.xctest */ = {isa = PBXFileReference; explicitFileType = wrapper.cfbundle; includeInIndex = 0; path = FlipClipTests.xctest; sourceTree = BUILT_PRODUCTS_DIR; };
		02E170491C62EEAA00A6188F /* FlipClipTests.m */ = {isa = PBXFileReference; lastKnownFileType = sourcecode.c.objc; path = FlipClipTests.m; sourceTree = "<group>"; };
		02E1704B1C62EEAA00A6188F /* Info.plist */ = {isa = PBXFileReference; lastKnownFileType = text.plist.xml; path = Info.plist; sourceTree = "<group>"; };
		02E170501C62EEAA00A6188F /* FlipClipUITests.xctest */ = {isa = PBXFileReference; explicitFileType = wrapper.cfbundle; includeInIndex = 0; path = FlipClipUITests.xctest; sourceTree = BUILT_PRODUCTS_DIR; };
		02E170541C62EEAA00A6188F /* FlipClipUITests.m */ = {isa = PBXFileReference; lastKnownFileType = sourcecode.c.objc; path = FlipClipUITests.m; sourceTree = "<group>"; };
		02E170561C62EEAA00A6188F /* Info.plist */ = {isa = PBXFileReference; lastKnownFileType = text.plist.xml; path = Info.plist; sourceTree = "<group>"; };
		02E170621C62F1A700A6188F /* Social.framework */ = {isa = PBXFileReference; lastKnownFileType = wrapper.framework; name = Social.framework; path = System/Library/Frameworks/Social.framework; sourceTree = SDKROOT; };
		02E170641C62F1AE00A6188F /* StoreKit.framework */ = {isa = PBXFileReference; lastKnownFileType = wrapper.framework; name = StoreKit.framework; path = System/Library/Frameworks/StoreKit.framework; sourceTree = SDKROOT; };
		02E170661C62F1B600A6188F /* QuartzCore.framework */ = {isa = PBXFileReference; lastKnownFileType = wrapper.framework; name = QuartzCore.framework; path = System/Library/Frameworks/QuartzCore.framework; sourceTree = SDKROOT; };
		02E170681C62F1C200A6188F /* CFNetwork.framework */ = {isa = PBXFileReference; lastKnownFileType = wrapper.framework; name = CFNetwork.framework; path = System/Library/Frameworks/CFNetwork.framework; sourceTree = SDKROOT; };
		02E1706A1C62F1C800A6188F /* Accounts.framework */ = {isa = PBXFileReference; lastKnownFileType = wrapper.framework; name = Accounts.framework; path = System/Library/Frameworks/Accounts.framework; sourceTree = SDKROOT; };
		02E1706C1C62F1CF00A6188F /* MobileCoreServices.framework */ = {isa = PBXFileReference; lastKnownFileType = wrapper.framework; name = MobileCoreServices.framework; path = System/Library/Frameworks/MobileCoreServices.framework; sourceTree = SDKROOT; };
		02E1706E1C62F1D400A6188F /* CoreGraphics.framework */ = {isa = PBXFileReference; lastKnownFileType = wrapper.framework; name = CoreGraphics.framework; path = System/Library/Frameworks/CoreGraphics.framework; sourceTree = SDKROOT; };
		02E170701C62F1DD00A6188F /* CoreLocation.framework */ = {isa = PBXFileReference; lastKnownFileType = wrapper.framework; name = CoreLocation.framework; path = System/Library/Frameworks/CoreLocation.framework; sourceTree = SDKROOT; };
		02E170721C62F1E700A6188F /* SystemConfiguration.framework */ = {isa = PBXFileReference; lastKnownFileType = wrapper.framework; name = SystemConfiguration.framework; path = System/Library/Frameworks/SystemConfiguration.framework; sourceTree = SDKROOT; };
		02E170741C63DF9900A6188F /* libsqlite3.tbd */ = {isa = PBXFileReference; lastKnownFileType = "sourcecode.text-based-dylib-definition"; name = libsqlite3.tbd; path = usr/lib/libsqlite3.tbd; sourceTree = SDKROOT; };
		02E170761C63DFC200A6188F /* Security.framework */ = {isa = PBXFileReference; lastKnownFileType = wrapper.framework; name = Security.framework; path = System/Library/Frameworks/Security.framework; sourceTree = SDKROOT; };
		02E170781C63DFCC00A6188F /* WebKit.framework */ = {isa = PBXFileReference; lastKnownFileType = wrapper.framework; name = WebKit.framework; path = System/Library/Frameworks/WebKit.framework; sourceTree = SDKROOT; };
		425DA8C876D73C9AD42283E4 /* libPods-FlipClip.a */ = {isa = PBXFileReference; explicitFileType = archive.ar; includeInIndex = 0; path = "libPods-FlipClip.a"; sourceTree = BUILT_PRODUCTS_DIR; };
		52604612EA459E34ED765B35 /* Pods-FlipClip.release.xcconfig */ = {isa = PBXFileReference; includeInIndex = 1; lastKnownFileType = text.xcconfig; name = "Pods-FlipClip.release.xcconfig"; path = "Pods/Target Support Files/Pods-FlipClip/Pods-FlipClip.release.xcconfig"; sourceTree = "<group>"; };
		988ADD390E7B1719C03E1369 /* Pods-FlipClip.debug.xcconfig */ = {isa = PBXFileReference; includeInIndex = 1; lastKnownFileType = text.xcconfig; name = "Pods-FlipClip.debug.xcconfig"; path = "Pods/Target Support Files/Pods-FlipClip/Pods-FlipClip.debug.xcconfig"; sourceTree = "<group>"; };
/* End PBXFileReference section */

/* Begin PBXFrameworksBuildPhase section */
		02E170261C62EEAA00A6188F /* Frameworks */ = {
			isa = PBXFrameworksBuildPhase;
			buildActionMask = 2147483647;
			files = (
				02E170791C63DFCC00A6188F /* WebKit.framework in Frameworks */,
				02E170771C63DFC200A6188F /* Security.framework in Frameworks */,
				02E170751C63DF9900A6188F /* libsqlite3.tbd in Frameworks */,
				02E170731C62F1E700A6188F /* SystemConfiguration.framework in Frameworks */,
				02E170711C62F1DD00A6188F /* CoreLocation.framework in Frameworks */,
				02E1706F1C62F1D400A6188F /* CoreGraphics.framework in Frameworks */,
				02E1706D1C62F1CF00A6188F /* MobileCoreServices.framework in Frameworks */,
				02E1706B1C62F1C800A6188F /* Accounts.framework in Frameworks */,
				02E170691C62F1C200A6188F /* CFNetwork.framework in Frameworks */,
				02E170671C62F1B600A6188F /* QuartzCore.framework in Frameworks */,
				02E170651C62F1AE00A6188F /* StoreKit.framework in Frameworks */,
				02E170631C62F1A800A6188F /* Social.framework in Frameworks */,
				567CCD52F62240ACB1FEDE42 /* libPods-FlipClip.a in Frameworks */,
			);
			runOnlyForDeploymentPostprocessing = 0;
		};
		02E170421C62EEAA00A6188F /* Frameworks */ = {
			isa = PBXFrameworksBuildPhase;
			buildActionMask = 2147483647;
			files = (
			);
			runOnlyForDeploymentPostprocessing = 0;
		};
		02E1704D1C62EEAA00A6188F /* Frameworks */ = {
			isa = PBXFrameworksBuildPhase;
			buildActionMask = 2147483647;
			files = (
			);
			runOnlyForDeploymentPostprocessing = 0;
		};
/* End PBXFrameworksBuildPhase section */

/* Begin PBXGroup section */
		024EC9931CC828FA00A21A2C /* Models */ = {
			isa = PBXGroup;
			children = (
				024EC9941CC8290600A21A2C /* FCUser.swift */,
				024EC99B1CC91B4800A21A2C /* FCVideo.swift */,
				024EC99D1CC91B5600A21A2C /* FCVideoCollection.swift */,
			);
			name = Models;
			sourceTree = "<group>";
		};
		024EC9961CC82D9900A21A2C /* Extensions & Utils */ = {
			isa = PBXGroup;
			children = (
				024EC9971CC82DBD00A21A2C /* StringExtension.swift */,
				024EC9991CC8916B00A21A2C /* GlobalUtils.swift */,
			);
			name = "Extensions & Utils";
			sourceTree = "<group>";
		};
		024EC99F1CC925B300A21A2C /* Controllers */ = {
			isa = PBXGroup;
			children = (
				024EC9A01CC925C300A21A2C /* FCVideoController.swift */,
				024EC9A21CC95C4400A21A2C /* FCVideoCollectionController.swift */,
			);
			name = Controllers;
			sourceTree = "<group>";
		};
		028B85881CC801AC00A3F9F1 /* Sign In */ = {
			isa = PBXGroup;
			children = (
				028B85891CC8089900A3F9F1 /* FCSignInViewController.swift */,
				024EC9911CC80E9300A21A2C /* FCCreateAccountTableViewController.swift */,
			);
			name = "Sign In";
			sourceTree = "<group>";
		};
		02E170201C62EEA900A6188F = {
			isa = PBXGroup;
			children = (
				02E1702B1C62EEAA00A6188F /* FlipClip */,
				02E170481C62EEAA00A6188F /* FlipClipTests */,
				02E170531C62EEAA00A6188F /* FlipClipUITests */,
				02E1702A1C62EEAA00A6188F /* Products */,
				D4B99B20D48553B5846A98EA /* Pods */,
				B6D2AF61DF0785C1F1F0675A /* Frameworks */,
			);
			sourceTree = "<group>";
		};
		02E1702A1C62EEAA00A6188F /* Products */ = {
			isa = PBXGroup;
			children = (
				02E170291C62EEAA00A6188F /* FlipClip.app */,
				02E170451C62EEAA00A6188F /* FlipClipTests.xctest */,
				02E170501C62EEAA00A6188F /* FlipClipUITests.xctest */,
			);
			name = Products;
			sourceTree = "<group>";
		};
		02E1702B1C62EEAA00A6188F /* FlipClip */ = {
			isa = PBXGroup;
			children = (
				02BAF5051CC002FD00AE35F1 /* AppDelegate.swift */,
				026B13221CC0406B00BE01FF /* TabsViewController.swift */,
				024EC9961CC82D9900A21A2C /* Extensions & Utils */,
				024EC9931CC828FA00A21A2C /* Models */,
				024EC99F1CC925B300A21A2C /* Controllers */,
				028B85881CC801AC00A3F9F1 /* Sign In */,
				02563B2C1C7BCFD5000DE196 /* CameraController.swift */,
				02BAF5071CC0093A00AE35F1 /* VideoListTableViewController.swift */,
				023C16421CE5180700F6BB71 /* FCFriendsListTableViewController.swift */,
				023C16441CE51C5700F6BB71 /* FCProfileViewController.swift */,
				02E170381C62EEAA00A6188F /* Main.storyboard */,
				02E1703B1C62EEAA00A6188F /* Assets.xcassets */,
				02E1703D1C62EEAA00A6188F /* LaunchScreen.storyboard */,
				02E170401C62EEAA00A6188F /* Info.plist */,
				02E1702C1C62EEAA00A6188F /* Supporting Files */,
				028B85831CC7FE8900A3F9F1 /* FlipClip-Bridging-Header.h */,
				024EC9A41CC96A8500A21A2C /* FCCameraViewController.swift */,
				024EC9A61CC990D200A21A2C /* AVCamPreviewView.swift */,
			);
			path = FlipClip;
			sourceTree = "<group>";
		};
		02E1702C1C62EEAA00A6188F /* Supporting Files */ = {
			isa = PBXGroup;
			children = (
			);
			name = "Supporting Files";
			sourceTree = "<group>";
		};
		02E170481C62EEAA00A6188F /* FlipClipTests */ = {
			isa = PBXGroup;
			children = (
				02E170491C62EEAA00A6188F /* FlipClipTests.m */,
				02E1704B1C62EEAA00A6188F /* Info.plist */,
			);
			path = FlipClipTests;
			sourceTree = "<group>";
		};
		02E170531C62EEAA00A6188F /* FlipClipUITests */ = {
			isa = PBXGroup;
			children = (
				02E170541C62EEAA00A6188F /* FlipClipUITests.m */,
				02E170561C62EEAA00A6188F /* Info.plist */,
			);
			path = FlipClipUITests;
			sourceTree = "<group>";
		};
		B6D2AF61DF0785C1F1F0675A /* Frameworks */ = {
			isa = PBXGroup;
			children = (
				024EC9A81CCAAE4B00A21A2C /* KinveyKit.framework */,
				02E170781C63DFCC00A6188F /* WebKit.framework */,
				02E170761C63DFC200A6188F /* Security.framework */,
				02E170741C63DF9900A6188F /* libsqlite3.tbd */,
				02E170721C62F1E700A6188F /* SystemConfiguration.framework */,
				02E170701C62F1DD00A6188F /* CoreLocation.framework */,
				02E1706E1C62F1D400A6188F /* CoreGraphics.framework */,
				02E1706C1C62F1CF00A6188F /* MobileCoreServices.framework */,
				02E1706A1C62F1C800A6188F /* Accounts.framework */,
				02E170681C62F1C200A6188F /* CFNetwork.framework */,
				02E170661C62F1B600A6188F /* QuartzCore.framework */,
				02E170641C62F1AE00A6188F /* StoreKit.framework */,
				02E170621C62F1A700A6188F /* Social.framework */,
				425DA8C876D73C9AD42283E4 /* libPods-FlipClip.a */,
			);
			name = Frameworks;
			sourceTree = "<group>";
		};
		D4B99B20D48553B5846A98EA /* Pods */ = {
			isa = PBXGroup;
			children = (
				988ADD390E7B1719C03E1369 /* Pods-FlipClip.debug.xcconfig */,
				52604612EA459E34ED765B35 /* Pods-FlipClip.release.xcconfig */,
			);
			name = Pods;
			sourceTree = "<group>";
		};
/* End PBXGroup section */

/* Begin PBXNativeTarget section */
		02E170281C62EEAA00A6188F /* FlipClip */ = {
			isa = PBXNativeTarget;
			buildConfigurationList = 02E170591C62EEAA00A6188F /* Build configuration list for PBXNativeTarget "FlipClip" */;
			buildPhases = (
				C46D5AC80E103A385AB01446 /* Check Pods Manifest.lock */,
				02E170251C62EEAA00A6188F /* Sources */,
				02E170261C62EEAA00A6188F /* Frameworks */,
				02E170271C62EEAA00A6188F /* Resources */,
				31921501B10EB79948818252 /* Copy Pods Resources */,
				74E9B64763EC03C7572C5B5B /* Embed Pods Frameworks */,
			);
			buildRules = (
			);
			dependencies = (
			);
			name = FlipClip;
			productName = FlipClip;
			productReference = 02E170291C62EEAA00A6188F /* FlipClip.app */;
			productType = "com.apple.product-type.application";
		};
		02E170441C62EEAA00A6188F /* FlipClipTests */ = {
			isa = PBXNativeTarget;
			buildConfigurationList = 02E1705C1C62EEAA00A6188F /* Build configuration list for PBXNativeTarget "FlipClipTests" */;
			buildPhases = (
				02E170411C62EEAA00A6188F /* Sources */,
				02E170421C62EEAA00A6188F /* Frameworks */,
				02E170431C62EEAA00A6188F /* Resources */,
			);
			buildRules = (
			);
			dependencies = (
				02E170471C62EEAA00A6188F /* PBXTargetDependency */,
			);
			name = FlipClipTests;
			productName = FlipClipTests;
			productReference = 02E170451C62EEAA00A6188F /* FlipClipTests.xctest */;
			productType = "com.apple.product-type.bundle.unit-test";
		};
		02E1704F1C62EEAA00A6188F /* FlipClipUITests */ = {
			isa = PBXNativeTarget;
			buildConfigurationList = 02E1705F1C62EEAA00A6188F /* Build configuration list for PBXNativeTarget "FlipClipUITests" */;
			buildPhases = (
				02E1704C1C62EEAA00A6188F /* Sources */,
				02E1704D1C62EEAA00A6188F /* Frameworks */,
				02E1704E1C62EEAA00A6188F /* Resources */,
			);
			buildRules = (
			);
			dependencies = (
				02E170521C62EEAA00A6188F /* PBXTargetDependency */,
			);
			name = FlipClipUITests;
			productName = FlipClipUITests;
			productReference = 02E170501C62EEAA00A6188F /* FlipClipUITests.xctest */;
			productType = "com.apple.product-type.bundle.ui-testing";
		};
/* End PBXNativeTarget section */

/* Begin PBXProject section */
		02E170211C62EEAA00A6188F /* Project object */ = {
			isa = PBXProject;
			attributes = {
				LastUpgradeCheck = 0720;
				ORGANIZATIONNAME = "Stephanie Lo";
				TargetAttributes = {
					02E170281C62EEAA00A6188F = {
						CreatedOnToolsVersion = 7.2;
						DevelopmentTeam = BVBT6986X6;
					};
					02E170441C62EEAA00A6188F = {
						CreatedOnToolsVersion = 7.2;
						TestTargetID = 02E170281C62EEAA00A6188F;
					};
					02E1704F1C62EEAA00A6188F = {
						CreatedOnToolsVersion = 7.2;
						TestTargetID = 02E170281C62EEAA00A6188F;
					};
				};
			};
			buildConfigurationList = 02E170241C62EEAA00A6188F /* Build configuration list for PBXProject "FlipClip" */;
			compatibilityVersion = "Xcode 3.2";
			developmentRegion = English;
			hasScannedForEncodings = 0;
			knownRegions = (
				en,
				Base,
			);
			mainGroup = 02E170201C62EEA900A6188F;
			productRefGroup = 02E1702A1C62EEAA00A6188F /* Products */;
			projectDirPath = "";
			projectRoot = "";
			targets = (
				02E170281C62EEAA00A6188F /* FlipClip */,
				02E170441C62EEAA00A6188F /* FlipClipTests */,
				02E1704F1C62EEAA00A6188F /* FlipClipUITests */,
			);
		};
/* End PBXProject section */

/* Begin PBXResourcesBuildPhase section */
		02E170271C62EEAA00A6188F /* Resources */ = {
			isa = PBXResourcesBuildPhase;
			buildActionMask = 2147483647;
			files = (
				02E1703F1C62EEAA00A6188F /* LaunchScreen.storyboard in Resources */,
				02E1703C1C62EEAA00A6188F /* Assets.xcassets in Resources */,
				02E1703A1C62EEAA00A6188F /* Main.storyboard in Resources */,
			);
			runOnlyForDeploymentPostprocessing = 0;
		};
		02E170431C62EEAA00A6188F /* Resources */ = {
			isa = PBXResourcesBuildPhase;
			buildActionMask = 2147483647;
			files = (
			);
			runOnlyForDeploymentPostprocessing = 0;
		};
		02E1704E1C62EEAA00A6188F /* Resources */ = {
			isa = PBXResourcesBuildPhase;
			buildActionMask = 2147483647;
			files = (
			);
			runOnlyForDeploymentPostprocessing = 0;
		};
/* End PBXResourcesBuildPhase section */

/* Begin PBXShellScriptBuildPhase section */
		31921501B10EB79948818252 /* Copy Pods Resources */ = {
			isa = PBXShellScriptBuildPhase;
			buildActionMask = 2147483647;
			files = (
			);
			inputPaths = (
			);
			name = "Copy Pods Resources";
			outputPaths = (
			);
			runOnlyForDeploymentPostprocessing = 0;
			shellPath = /bin/sh;
			shellScript = "\"${SRCROOT}/Pods/Target Support Files/Pods-FlipClip/Pods-FlipClip-resources.sh\"\n";
			showEnvVarsInLog = 0;
		};
		74E9B64763EC03C7572C5B5B /* Embed Pods Frameworks */ = {
			isa = PBXShellScriptBuildPhase;
			buildActionMask = 2147483647;
			files = (
			);
			inputPaths = (
			);
			name = "Embed Pods Frameworks";
			outputPaths = (
			);
			runOnlyForDeploymentPostprocessing = 0;
			shellPath = /bin/sh;
			shellScript = "\"${SRCROOT}/Pods/Target Support Files/Pods-FlipClip/Pods-FlipClip-frameworks.sh\"\n";
			showEnvVarsInLog = 0;
		};
		C46D5AC80E103A385AB01446 /* Check Pods Manifest.lock */ = {
			isa = PBXShellScriptBuildPhase;
			buildActionMask = 2147483647;
			files = (
			);
			inputPaths = (
			);
			name = "Check Pods Manifest.lock";
			outputPaths = (
			);
			runOnlyForDeploymentPostprocessing = 0;
			shellPath = /bin/sh;
			shellScript = "diff \"${PODS_ROOT}/../Podfile.lock\" \"${PODS_ROOT}/Manifest.lock\" > /dev/null\nif [[ $? != 0 ]] ; then\n    cat << EOM\nerror: The sandbox is not in sync with the Podfile.lock. Run 'pod install' or update your CocoaPods installation.\nEOM\n    exit 1\nfi\n";
			showEnvVarsInLog = 0;
		};
/* End PBXShellScriptBuildPhase section */

/* Begin PBXSourcesBuildPhase section */
		02E170251C62EEAA00A6188F /* Sources */ = {
			isa = PBXSourcesBuildPhase;
			buildActionMask = 2147483647;
			files = (
				024EC99C1CC91B4800A21A2C /* FCVideo.swift in Sources */,
				024EC9A71CC990D200A21A2C /* AVCamPreviewView.swift in Sources */,
				023C16451CE51C5700F6BB71 /* FCProfileViewController.swift in Sources */,
				024EC9951CC8290600A21A2C /* FCUser.swift in Sources */,
				024EC9A31CC95C4400A21A2C /* FCVideoCollectionController.swift in Sources */,
				024EC9921CC80E9300A21A2C /* FCCreateAccountTableViewController.swift in Sources */,
				024EC9A51CC96A8500A21A2C /* FCCameraViewController.swift in Sources */,
				024EC99E1CC91B5600A21A2C /* FCVideoCollection.swift in Sources */,
				028B858A1CC8089900A3F9F1 /* FCSignInViewController.swift in Sources */,
				023C16431CE5180700F6BB71 /* FCFriendsListTableViewController.swift in Sources */,
				026B13231CC0406B00BE01FF /* TabsViewController.swift in Sources */,
				024EC9981CC82DBD00A21A2C /* StringExtension.swift in Sources */,
				02BAF5061CC002FD00AE35F1 /* AppDelegate.swift in Sources */,
				02BAF5081CC0093A00AE35F1 /* VideoListTableViewController.swift in Sources */,
				024EC99A1CC8916B00A21A2C /* GlobalUtils.swift in Sources */,
				024EC9A11CC925C300A21A2C /* FCVideoController.swift in Sources */,
				02563B2D1C7BCFD5000DE196 /* CameraController.swift in Sources */,
			);
			runOnlyForDeploymentPostprocessing = 0;
		};
		02E170411C62EEAA00A6188F /* Sources */ = {
			isa = PBXSourcesBuildPhase;
			buildActionMask = 2147483647;
			files = (
				02E1704A1C62EEAA00A6188F /* FlipClipTests.m in Sources */,
			);
			runOnlyForDeploymentPostprocessing = 0;
		};
		02E1704C1C62EEAA00A6188F /* Sources */ = {
			isa = PBXSourcesBuildPhase;
			buildActionMask = 2147483647;
			files = (
				02E170551C62EEAA00A6188F /* FlipClipUITests.m in Sources */,
			);
			runOnlyForDeploymentPostprocessing = 0;
		};
/* End PBXSourcesBuildPhase section */

/* Begin PBXTargetDependency section */
		02E170471C62EEAA00A6188F /* PBXTargetDependency */ = {
			isa = PBXTargetDependency;
			target = 02E170281C62EEAA00A6188F /* FlipClip */;
			targetProxy = 02E170461C62EEAA00A6188F /* PBXContainerItemProxy */;
		};
		02E170521C62EEAA00A6188F /* PBXTargetDependency */ = {
			isa = PBXTargetDependency;
			target = 02E170281C62EEAA00A6188F /* FlipClip */;
			targetProxy = 02E170511C62EEAA00A6188F /* PBXContainerItemProxy */;
		};
/* End PBXTargetDependency section */

/* Begin PBXVariantGroup section */
		02E170381C62EEAA00A6188F /* Main.storyboard */ = {
			isa = PBXVariantGroup;
			children = (
				02E170391C62EEAA00A6188F /* Base */,
			);
			name = Main.storyboard;
			sourceTree = "<group>";
		};
		02E1703D1C62EEAA00A6188F /* LaunchScreen.storyboard */ = {
			isa = PBXVariantGroup;
			children = (
				02E1703E1C62EEAA00A6188F /* Base */,
			);
			name = LaunchScreen.storyboard;
			sourceTree = "<group>";
		};
/* End PBXVariantGroup section */

/* Begin XCBuildConfiguration section */
		02E170571C62EEAA00A6188F /* Debug */ = {
			isa = XCBuildConfiguration;
			buildSettings = {
				ALWAYS_SEARCH_USER_PATHS = NO;
				CLANG_CXX_LANGUAGE_STANDARD = "gnu++0x";
				CLANG_CXX_LIBRARY = "libc++";
				CLANG_ENABLE_MODULES = YES;
				CLANG_ENABLE_OBJC_ARC = YES;
				CLANG_WARN_BOOL_CONVERSION = YES;
				CLANG_WARN_CONSTANT_CONVERSION = YES;
				CLANG_WARN_DIRECT_OBJC_ISA_USAGE = YES_ERROR;
				CLANG_WARN_EMPTY_BODY = YES;
				CLANG_WARN_ENUM_CONVERSION = YES;
				CLANG_WARN_INT_CONVERSION = YES;
				CLANG_WARN_OBJC_ROOT_CLASS = YES_ERROR;
				CLANG_WARN_UNREACHABLE_CODE = YES;
				CLANG_WARN__DUPLICATE_METHOD_MATCH = YES;
				"CODE_SIGN_IDENTITY[sdk=iphoneos*]" = "iPhone Developer";
				COPY_PHASE_STRIP = NO;
				DEBUG_INFORMATION_FORMAT = dwarf;
				ENABLE_STRICT_OBJC_MSGSEND = YES;
				ENABLE_TESTABILITY = YES;
				GCC_C_LANGUAGE_STANDARD = gnu99;
				GCC_DYNAMIC_NO_PIC = NO;
				GCC_NO_COMMON_BLOCKS = YES;
				GCC_OPTIMIZATION_LEVEL = 0;
				GCC_PREPROCESSOR_DEFINITIONS = (
					"DEBUG=1",
					"$(inherited)",
				);
				GCC_WARN_64_TO_32_BIT_CONVERSION = YES;
				GCC_WARN_ABOUT_RETURN_TYPE = YES_ERROR;
				GCC_WARN_UNDECLARED_SELECTOR = YES;
				GCC_WARN_UNINITIALIZED_AUTOS = YES_AGGRESSIVE;
				GCC_WARN_UNUSED_FUNCTION = YES;
				GCC_WARN_UNUSED_VARIABLE = YES;
				IPHONEOS_DEPLOYMENT_TARGET = 9.2;
				MTL_ENABLE_DEBUG_INFO = YES;
				ONLY_ACTIVE_ARCH = YES;
				SDKROOT = iphoneos;
			};
			name = Debug;
		};
		02E170581C62EEAA00A6188F /* Release */ = {
			isa = XCBuildConfiguration;
			buildSettings = {
				ALWAYS_SEARCH_USER_PATHS = NO;
				CLANG_CXX_LANGUAGE_STANDARD = "gnu++0x";
				CLANG_CXX_LIBRARY = "libc++";
				CLANG_ENABLE_MODULES = YES;
				CLANG_ENABLE_OBJC_ARC = YES;
				CLANG_WARN_BOOL_CONVERSION = YES;
				CLANG_WARN_CONSTANT_CONVERSION = YES;
				CLANG_WARN_DIRECT_OBJC_ISA_USAGE = YES_ERROR;
				CLANG_WARN_EMPTY_BODY = YES;
				CLANG_WARN_ENUM_CONVERSION = YES;
				CLANG_WARN_INT_CONVERSION = YES;
				CLANG_WARN_OBJC_ROOT_CLASS = YES_ERROR;
				CLANG_WARN_UNREACHABLE_CODE = YES;
				CLANG_WARN__DUPLICATE_METHOD_MATCH = YES;
				"CODE_SIGN_IDENTITY[sdk=iphoneos*]" = "iPhone Developer";
				COPY_PHASE_STRIP = NO;
				DEBUG_INFORMATION_FORMAT = "dwarf-with-dsym";
				ENABLE_NS_ASSERTIONS = NO;
				ENABLE_STRICT_OBJC_MSGSEND = YES;
				GCC_C_LANGUAGE_STANDARD = gnu99;
				GCC_NO_COMMON_BLOCKS = YES;
				GCC_WARN_64_TO_32_BIT_CONVERSION = YES;
				GCC_WARN_ABOUT_RETURN_TYPE = YES_ERROR;
				GCC_WARN_UNDECLARED_SELECTOR = YES;
				GCC_WARN_UNINITIALIZED_AUTOS = YES_AGGRESSIVE;
				GCC_WARN_UNUSED_FUNCTION = YES;
				GCC_WARN_UNUSED_VARIABLE = YES;
				IPHONEOS_DEPLOYMENT_TARGET = 9.2;
				MTL_ENABLE_DEBUG_INFO = NO;
				SDKROOT = iphoneos;
				VALIDATE_PRODUCT = YES;
			};
			name = Release;
		};
		02E1705A1C62EEAA00A6188F /* Debug */ = {
			isa = XCBuildConfiguration;
			baseConfigurationReference = 988ADD390E7B1719C03E1369 /* Pods-FlipClip.debug.xcconfig */;
			buildSettings = {
				ASSETCATALOG_COMPILER_APPICON_NAME = AppIcon;
				CLANG_ENABLE_MODULES = YES;
				CODE_SIGN_IDENTITY = "iPhone Developer";
				"CODE_SIGN_IDENTITY[sdk=iphoneos*]" = "iPhone Developer";
				FRAMEWORK_SEARCH_PATHS = (
					"$(inherited)",
					"$(LOCAL_LIBRARY_DIR)/Frameworks",
					"$(PROJECT_DIR)",
				);
				INFOPLIST_FILE = FlipClip/Info.plist;
				IPHONEOS_DEPLOYMENT_TARGET = 8.0;
				LD_RUNPATH_SEARCH_PATHS = "$(inherited) @executable_path/Frameworks";
				PRODUCT_BUNDLE_IDENTIFIER = slope.FlipClip;
				PRODUCT_NAME = "$(TARGET_NAME)";
				PROVISIONING_PROFILE = "";
				SWIFT_OBJC_BRIDGING_HEADER = "FlipClip/FlipClip-Bridging-Header.h";
				SWIFT_OPTIMIZATION_LEVEL = "-Onone";
			};
			name = Debug;
		};
		02E1705B1C62EEAA00A6188F /* Release */ = {
			isa = XCBuildConfiguration;
			baseConfigurationReference = 52604612EA459E34ED765B35 /* Pods-FlipClip.release.xcconfig */;
			buildSettings = {
				ASSETCATALOG_COMPILER_APPICON_NAME = AppIcon;
				CLANG_ENABLE_MODULES = YES;
				CODE_SIGN_IDENTITY = "iPhone Developer";
				"CODE_SIGN_IDENTITY[sdk=iphoneos*]" = "iPhone Developer";
				FRAMEWORK_SEARCH_PATHS = (
					"$(inherited)",
					"$(LOCAL_LIBRARY_DIR)/Frameworks",
					"$(PROJECT_DIR)",
				);
				INFOPLIST_FILE = FlipClip/Info.plist;
				IPHONEOS_DEPLOYMENT_TARGET = 8.0;
				LD_RUNPATH_SEARCH_PATHS = "$(inherited) @executable_path/Frameworks";
				PRODUCT_BUNDLE_IDENTIFIER = slope.FlipClip;
				PRODUCT_NAME = "$(TARGET_NAME)";
				PROVISIONING_PROFILE = "";
				SWIFT_OBJC_BRIDGING_HEADER = "FlipClip/FlipClip-Bridging-Header.h";
			};
			name = Release;
		};
		02E1705D1C62EEAA00A6188F /* Debug */ = {
			isa = XCBuildConfiguration;
			buildSettings = {
				BUNDLE_LOADER = "$(TEST_HOST)";
				INFOPLIST_FILE = FlipClipTests/Info.plist;
				LD_RUNPATH_SEARCH_PATHS = "$(inherited) @executable_path/Frameworks @loader_path/Frameworks";
				PRODUCT_BUNDLE_IDENTIFIER = slope.FlipClipTests;
				PRODUCT_NAME = "$(TARGET_NAME)";
				TEST_HOST = "$(BUILT_PRODUCTS_DIR)/FlipClip.app/FlipClip";
			};
			name = Debug;
		};
		02E1705E1C62EEAA00A6188F /* Release */ = {
			isa = XCBuildConfiguration;
			buildSettings = {
				BUNDLE_LOADER = "$(TEST_HOST)";
				INFOPLIST_FILE = FlipClipTests/Info.plist;
				LD_RUNPATH_SEARCH_PATHS = "$(inherited) @executable_path/Frameworks @loader_path/Frameworks";
				PRODUCT_BUNDLE_IDENTIFIER = slope.FlipClipTests;
				PRODUCT_NAME = "$(TARGET_NAME)";
				TEST_HOST = "$(BUILT_PRODUCTS_DIR)/FlipClip.app/FlipClip";
			};
			name = Release;
		};
		02E170601C62EEAA00A6188F /* Debug */ = {
			isa = XCBuildConfiguration;
			buildSettings = {
				INFOPLIST_FILE = FlipClipUITests/Info.plist;
				LD_RUNPATH_SEARCH_PATHS = "$(inherited) @executable_path/Frameworks @loader_path/Frameworks";
				PRODUCT_BUNDLE_IDENTIFIER = slope.FlipClipUITests;
				PRODUCT_NAME = "$(TARGET_NAME)";
				TEST_TARGET_NAME = FlipClip;
				USES_XCTRUNNER = YES;
			};
			name = Debug;
		};
		02E170611C62EEAA00A6188F /* Release */ = {
			isa = XCBuildConfiguration;
			buildSettings = {
				INFOPLIST_FILE = FlipClipUITests/Info.plist;
				LD_RUNPATH_SEARCH_PATHS = "$(inherited) @executable_path/Frameworks @loader_path/Frameworks";
				PRODUCT_BUNDLE_IDENTIFIER = slope.FlipClipUITests;
				PRODUCT_NAME = "$(TARGET_NAME)";
				TEST_TARGET_NAME = FlipClip;
				USES_XCTRUNNER = YES;
			};
			name = Release;
		};
/* End XCBuildConfiguration section */

/* Begin XCConfigurationList section */
		02E170241C62EEAA00A6188F /* Build configuration list for PBXProject "FlipClip" */ = {
			isa = XCConfigurationList;
			buildConfigurations = (
				02E170571C62EEAA00A6188F /* Debug */,
				02E170581C62EEAA00A6188F /* Release */,
			);
			defaultConfigurationIsVisible = 0;
			defaultConfigurationName = Release;
		};
		02E170591C62EEAA00A6188F /* Build configuration list for PBXNativeTarget "FlipClip" */ = {
			isa = XCConfigurationList;
			buildConfigurations = (
				02E1705A1C62EEAA00A6188F /* Debug */,
				02E1705B1C62EEAA00A6188F /* Release */,
			);
			defaultConfigurationIsVisible = 0;
			defaultConfigurationName = Release;
		};
		02E1705C1C62EEAA00A6188F /* Build configuration list for PBXNativeTarget "FlipClipTests" */ = {
			isa = XCConfigurationList;
			buildConfigurations = (
				02E1705D1C62EEAA00A6188F /* Debug */,
				02E1705E1C62EEAA00A6188F /* Release */,
			);
			defaultConfigurationIsVisible = 0;
			defaultConfigurationName = Release;
		};
		02E1705F1C62EEAA00A6188F /* Build configuration list for PBXNativeTarget "FlipClipUITests" */ = {
			isa = XCConfigurationList;
			buildConfigurations = (
				02E170601C62EEAA00A6188F /* Debug */,
				02E170611C62EEAA00A6188F /* Release */,
			);
			defaultConfigurationIsVisible = 0;
			defaultConfigurationName = Release;
		};
/* End XCConfigurationList section */
	};
	rootObject = 02E170211C62EEAA00A6188F /* Project object */;
}
